
Microsoft Visual Studio Solution File, Format Version 12.00
# Visual Studio Version 16
VisualStudioVersion = 16.0.29806.167
MinimumVisualStudioVersion = 10.0.40219.1
Project("{FAE04EC0-301F-11D3-BF4B-00C04F79EFBC}") = "HL", "Others\HL\HL.csproj", "{8B8FA49B-8C9C-497A-A327-A658F454D9A4}"
EndProject
Project("{FAE04EC0-301F-11D3-BF4B-00C04F79EFBC}") = "MaterialDesignThemes.Extended.Wpf.Toolkit", "Others\MaterialDesignThemes.Extended.Wpf.Toolkit\MaterialDesignThemes.Extended.Wpf.Toolkit.csproj", "{9713B6D9-59AB-4AC1-8990-C77CF1B84637}"
EndProject
Project("{FAE04EC0-301F-11D3-BF4B-00C04F79EFBC}") = "ZoomAndPan", "Others\ZoomAndPan\ZoomAndPan.csproj", "{468ADEDE-6F5E-40C0-99C9-C6DAC4FAC934}"
EndProject
Global
	GlobalSection(SolutionConfigurationPlatforms) = preSolution
		Debug|Any CPU = Debug|Any CPU
		Release|Any CPU = Release|Any CPU
	EndGlobalSection
	GlobalSection(ProjectConfigurationPlatforms) = postSolution
		{8B8FA49B-8C9C-497A-A327-A658F454D9A4}.Debug|Any CPU.ActiveCfg = Debug|Any CPU
		{8B8FA49B-8C9C-497A-A327-A658F454D9A4}.Debug|Any CPU.Build.0 = Debug|Any CPU
		{8B8FA49B-8C9C-497A-A327-A658F454D9A4}.Release|Any CPU.ActiveCfg = Release|Any CPU
		{8B8FA49B-8C9C-497A-A327-A658F454D9A4}.Release|Any CPU.Build.0 = Release|Any CPU
		{9713B6D9-59AB-4AC1-8990-C77CF1B84637}.Debug|Any CPU.ActiveCfg = Debug|Any CPU
		{9713B6D9-59AB-4AC1-8990-C77CF1B84637}.Debug|Any CPU.Build.0 = Debug|Any CPU
		{9713B6D9-59AB-4AC1-8990-C77CF1B84637}.Release|Any CPU.ActiveCfg = Release|Any CPU
		{9713B6D9-59AB-4AC1-8990-C77CF1B84637}.Release|Any CPU.Build.0 = Release|Any CPU
		{468ADEDE-6F5E-40C0-99C9-C6DAC4FAC934}.Debug|Any CPU.ActiveCfg = Debug|Any CPU
		{468ADEDE-6F5E-40C0-99C9-C6DAC4FAC934}.Debug|Any CPU.Build.0 = Debug|Any CPU
		{468ADEDE-6F5E-40C0-99C9-C6DAC4FAC934}.Release|Any CPU.ActiveCfg = Release|Any CPU
		{468ADEDE-6F5E-40C0-99C9-C6DAC4FAC934}.Release|Any CPU.Build.0 = Release|Any CPU
	EndGlobalSection
	GlobalSection(SolutionProperties) = preSolution
		HideSolutionNode = FALSE
	EndGlobalSection
	GlobalSection(ExtensibilityGlobals) = postSolution
		SolutionGuid = {5171F583-A0A6-4C30-AFAD-15D89BBBC01C}
	EndGlobalSection
EndGlobal
